
Microsoft Visual Studio Solution File, Format Version 12.00
# Visual Studio 15
VisualStudioVersion = 15.0.28010.2050
MinimumVisualStudioVersion = 10.0.40219.1
Project("{9A19103F-16F7-4668-BE54-9A1E7A4F7556}") = "ElevatedFunctions", "ElevatedFunctions\ElevatedFunctions.csproj", "{7B4E579D-823D-454D-A910-60EC33C7F2E0}"
EndProject
Project("{FAE04EC0-301F-11D3-BF4B-00C04F79EFBC}") = "ElevatedFunctions.Core", "ElevatedFunctions.Core\ElevatedFunctions.Core.csproj", "{C3489DBA-F875-40CD-9ADE-3A3841606825}"
EndProject
Global
	GlobalSection(SolutionConfigurationPlatforms) = preSolution
		Debug|Any CPU = Debug|Any CPU
		Release|Any CPU = Release|Any CPU
	EndGlobalSection
	GlobalSection(ProjectConfigurationPlatforms) = postSolution
		{7B4E579D-823D-454D-A910-60EC33C7F2E0}.Debug|Any CPU.ActiveCfg = Debug|Any CPU
		{7B4E579D-823D-454D-A910-60EC33C7F2E0}.Debug|Any CPU.Build.0 = Debug|Any CPU
		{7B4E579D-823D-454D-A910-60EC33C7F2E0}.Release|Any CPU.ActiveCfg = Release|Any CPU
		{7B4E579D-823D-454D-A910-60EC33C7F2E0}.Release|Any CPU.Build.0 = Release|Any CPU
		{C3489DBA-F875-40CD-9ADE-3A3841606825}.Debug|Any CPU.ActiveCfg = Debug|Any CPU
		{C3489DBA-F875-40CD-9ADE-3A3841606825}.Debug|Any CPU.Build.0 = Debug|Any CPU
		{C3489DBA-F875-40CD-9ADE-3A3841606825}.Release|Any CPU.ActiveCfg = Release|Any CPU
		{C3489DBA-F875-40CD-9ADE-3A3841606825}.Release|Any CPU.Build.0 = Release|Any CPU
	EndGlobalSection
	GlobalSection(SolutionProperties) = preSolution
		HideSolutionNode = FALSE
	EndGlobalSection
	GlobalSection(ExtensibilityGlobals) = postSolution
		SolutionGuid = {DD46EC5A-62B5-458F-B2D4-649A818314E2}
	EndGlobalSection
EndGlobal
